// !$*UTF8*$!
{
	archiveVersion = 1;
	classes = {
	};
	objectVersion = 51;
	objects = {

/* Begin PBXBuildFile section */
		101736E6DCB3C2E2E354F98C /* Pods_Hero_Hub_Hero_HubUITests.framework in Frameworks */ = {isa = PBXBuildFile; fileRef = 0D7AAEB60232EBFA7F365D62 /* Pods_Hero_Hub_Hero_HubUITests.framework */; };
		A35D81752F3D80C25511E43D /* Pods_Hero_Hub.framework in Frameworks */ = {isa = PBXBuildFile; fileRef = E1BA364A83DCCAAE588EC349 /* Pods_Hero_Hub.framework */; };
		AE2C2FC870D981317C48A0F4 /* Pods_Hero_HubTests.framework in Frameworks */ = {isa = PBXBuildFile; fileRef = FE37AE39155B2BE9BBB7F4A7 /* Pods_Hero_HubTests.framework */; };
		E3BBB29327015FD400E67B01 /* Hero.swift in Sources */ = {isa = PBXBuildFile; fileRef = E3BBB29227015FD400E67B01 /* Hero.swift */; };
		E3BBB2962701708D00E67B01 /* BaseAPIService.swift in Sources */ = {isa = PBXBuildFile; fileRef = E3BBB2952701708D00E67B01 /* BaseAPIService.swift */; };
		E3BBB2982701B28F00E67B01 /* HeroListService.swift in Sources */ = {isa = PBXBuildFile; fileRef = E3BBB2972701B28F00E67B01 /* HeroListService.swift */; };
		E3BBB29B2701B39100E67B01 /* HeroListInteractor.swift in Sources */ = {isa = PBXBuildFile; fileRef = E3BBB29A2701B39100E67B01 /* HeroListInteractor.swift */; };
		E3BBB2A02701B47500E67B01 /* HeroListPresenter.swift in Sources */ = {isa = PBXBuildFile; fileRef = E3BBB29F2701B47500E67B01 /* HeroListPresenter.swift */; };
		E3BBB2A62701B8CC00E67B01 /* HeroListViewController.swift in Sources */ = {isa = PBXBuildFile; fileRef = E3BBB2A42701B8CC00E67B01 /* HeroListViewController.swift */; };
		E3BBB2A72701B8CC00E67B01 /* HeroListViewController.xib in Resources */ = {isa = PBXBuildFile; fileRef = E3BBB2A52701B8CC00E67B01 /* HeroListViewController.xib */; };
		E3BBB2AC2701EB0400E67B01 /* RolesCell.swift in Sources */ = {isa = PBXBuildFile; fileRef = E3BBB2AA2701EB0400E67B01 /* RolesCell.swift */; };
		E3BBB2AD2701EB0400E67B01 /* RolesCell.xib in Resources */ = {isa = PBXBuildFile; fileRef = E3BBB2AB2701EB0400E67B01 /* RolesCell.xib */; };
		E3BBB2AF27029D1E00E67B01 /* ViewModel.swift in Sources */ = {isa = PBXBuildFile; fileRef = E3BBB2AE27029D1E00E67B01 /* ViewModel.swift */; };
		E3BBB2B22702A05600E67B01 /* HeroCell.swift in Sources */ = {isa = PBXBuildFile; fileRef = E3BBB2B02702A05600E67B01 /* HeroCell.swift */; };
		E3BBB2B32702A05600E67B01 /* HeroCell.xib in Resources */ = {isa = PBXBuildFile; fileRef = E3BBB2B12702A05600E67B01 /* HeroCell.xib */; };
		E3BBB2B52702BB9200E67B01 /* HeroDetailInteractor.swift in Sources */ = {isa = PBXBuildFile; fileRef = E3BBB2B42702BB9200E67B01 /* HeroDetailInteractor.swift */; };
		E3BBB2B72702BCBA00E67B01 /* HeroDetailPresenter.swift in Sources */ = {isa = PBXBuildFile; fileRef = E3BBB2B62702BCBA00E67B01 /* HeroDetailPresenter.swift */; };
		E3BBB2BA2702BE2800E67B01 /* Helper.swift in Sources */ = {isa = PBXBuildFile; fileRef = E3BBB2B92702BE2800E67B01 /* Helper.swift */; };
		E3BBB2BE2702C4FC00E67B01 /* HeroDetailViewController.swift in Sources */ = {isa = PBXBuildFile; fileRef = E3BBB2BC2702C4FC00E67B01 /* HeroDetailViewController.swift */; };
		E3BBB2BF2702C4FC00E67B01 /* HeroDetailViewController.xib in Resources */ = {isa = PBXBuildFile; fileRef = E3BBB2BD2702C4FC00E67B01 /* HeroDetailViewController.xib */; };
		E3BBB2C227030BFE00E67B01 /* SimilarHeroCell.swift in Sources */ = {isa = PBXBuildFile; fileRef = E3BBB2C027030BFE00E67B01 /* SimilarHeroCell.swift */; };
		E3BBB2C327030BFE00E67B01 /* SimilarHeroCell.xib in Resources */ = {isa = PBXBuildFile; fileRef = E3BBB2C127030BFE00E67B01 /* SimilarHeroCell.xib */; };
		E3DE13E2270154E700743ECF /* AppDelegate.swift in Sources */ = {isa = PBXBuildFile; fileRef = E3DE13E1270154E700743ECF /* AppDelegate.swift */; };
		E3DE13E4270154E700743ECF /* SceneDelegate.swift in Sources */ = {isa = PBXBuildFile; fileRef = E3DE13E3270154E700743ECF /* SceneDelegate.swift */; };
		E3DE13EB270154EA00743ECF /* Assets.xcassets in Resources */ = {isa = PBXBuildFile; fileRef = E3DE13EA270154EA00743ECF /* Assets.xcassets */; };
		E3DE13EE270154EA00743ECF /* LaunchScreen.storyboard in Resources */ = {isa = PBXBuildFile; fileRef = E3DE13EC270154EA00743ECF /* LaunchScreen.storyboard */; };
		E3DE13F9270154EA00743ECF /* Hero_HubTests.swift in Sources */ = {isa = PBXBuildFile; fileRef = E3DE13F8270154EA00743ECF /* Hero_HubTests.swift */; };
		E3DE1404270154EA00743ECF /* Hero_HubUITests.swift in Sources */ = {isa = PBXBuildFile; fileRef = E3DE1403270154EA00743ECF /* Hero_HubUITests.swift */; };
/* End PBXBuildFile section */

/* Begin PBXContainerItemProxy section */
		E3DE13F5270154EA00743ECF /* PBXContainerItemProxy */ = {
			isa = PBXContainerItemProxy;
			containerPortal = E3DE13D6270154E700743ECF /* Project object */;
			proxyType = 1;
			remoteGlobalIDString = E3DE13DD270154E700743ECF;
			remoteInfo = "Hero Hub";
		};
		E3DE1400270154EA00743ECF /* PBXContainerItemProxy */ = {
			isa = PBXContainerItemProxy;
			containerPortal = E3DE13D6270154E700743ECF /* Project object */;
			proxyType = 1;
			remoteGlobalIDString = E3DE13DD270154E700743ECF;
			remoteInfo = "Hero Hub";
		};
/* End PBXContainerItemProxy section */

/* Begin PBXFileReference section */
		0D7AAEB60232EBFA7F365D62 /* Pods_Hero_Hub_Hero_HubUITests.framework */ = {isa = PBXFileReference; explicitFileType = wrapper.framework; includeInIndex = 0; path = Pods_Hero_Hub_Hero_HubUITests.framework; sourceTree = BUILT_PRODUCTS_DIR; };
		4DA12E15BEE5C46A61D0BE07 /* Pods-Hero Hub.release.xcconfig */ = {isa = PBXFileReference; includeInIndex = 1; lastKnownFileType = text.xcconfig; name = "Pods-Hero Hub.release.xcconfig"; path = "Target Support Files/Pods-Hero Hub/Pods-Hero Hub.release.xcconfig"; sourceTree = "<group>"; };
		569B3088D3CE4B6D1C6404A6 /* Pods-Hero Hub.debug.xcconfig */ = {isa = PBXFileReference; includeInIndex = 1; lastKnownFileType = text.xcconfig; name = "Pods-Hero Hub.debug.xcconfig"; path = "Target Support Files/Pods-Hero Hub/Pods-Hero Hub.debug.xcconfig"; sourceTree = "<group>"; };
		9421FE5C327FC248BE65EA1A /* Pods-Hero Hub-Hero HubUITests.debug.xcconfig */ = {isa = PBXFileReference; includeInIndex = 1; lastKnownFileType = text.xcconfig; name = "Pods-Hero Hub-Hero HubUITests.debug.xcconfig"; path = "Target Support Files/Pods-Hero Hub-Hero HubUITests/Pods-Hero Hub-Hero HubUITests.debug.xcconfig"; sourceTree = "<group>"; };
		B53B012170F19D07F83E6BF1 /* Pods-Hero HubTests.release.xcconfig */ = {isa = PBXFileReference; includeInIndex = 1; lastKnownFileType = text.xcconfig; name = "Pods-Hero HubTests.release.xcconfig"; path = "Target Support Files/Pods-Hero HubTests/Pods-Hero HubTests.release.xcconfig"; sourceTree = "<group>"; };
		C32C84AEBFAC8CF0821352D5 /* Pods-Hero HubTests.debug.xcconfig */ = {isa = PBXFileReference; includeInIndex = 1; lastKnownFileType = text.xcconfig; name = "Pods-Hero HubTests.debug.xcconfig"; path = "Target Support Files/Pods-Hero HubTests/Pods-Hero HubTests.debug.xcconfig"; sourceTree = "<group>"; };
		DB783FEE2E7CDD27F19D2BB3 /* Pods-Hero Hub-Hero HubUITests.release.xcconfig */ = {isa = PBXFileReference; includeInIndex = 1; lastKnownFileType = text.xcconfig; name = "Pods-Hero Hub-Hero HubUITests.release.xcconfig"; path = "Target Support Files/Pods-Hero Hub-Hero HubUITests/Pods-Hero Hub-Hero HubUITests.release.xcconfig"; sourceTree = "<group>"; };
		E1BA364A83DCCAAE588EC349 /* Pods_Hero_Hub.framework */ = {isa = PBXFileReference; explicitFileType = wrapper.framework; includeInIndex = 0; path = Pods_Hero_Hub.framework; sourceTree = BUILT_PRODUCTS_DIR; };
		E3BBB29227015FD400E67B01 /* Hero.swift */ = {isa = PBXFileReference; lastKnownFileType = sourcecode.swift; path = Hero.swift; sourceTree = "<group>"; };
		E3BBB2952701708D00E67B01 /* BaseAPIService.swift */ = {isa = PBXFileReference; lastKnownFileType = sourcecode.swift; path = BaseAPIService.swift; sourceTree = "<group>"; };
		E3BBB2972701B28F00E67B01 /* HeroListService.swift */ = {isa = PBXFileReference; lastKnownFileType = sourcecode.swift; path = HeroListService.swift; sourceTree = "<group>"; };
		E3BBB29A2701B39100E67B01 /* HeroListInteractor.swift */ = {isa = PBXFileReference; lastKnownFileType = sourcecode.swift; path = HeroListInteractor.swift; sourceTree = "<group>"; };
		E3BBB29F2701B47500E67B01 /* HeroListPresenter.swift */ = {isa = PBXFileReference; lastKnownFileType = sourcecode.swift; path = HeroListPresenter.swift; sourceTree = "<group>"; };
		E3BBB2A42701B8CC00E67B01 /* HeroListViewController.swift */ = {isa = PBXFileReference; lastKnownFileType = sourcecode.swift; path = HeroListViewController.swift; sourceTree = "<group>"; };
		E3BBB2A52701B8CC00E67B01 /* HeroListViewController.xib */ = {isa = PBXFileReference; lastKnownFileType = file.xib; path = HeroListViewController.xib; sourceTree = "<group>"; };
		E3BBB2AA2701EB0400E67B01 /* RolesCell.swift */ = {isa = PBXFileReference; lastKnownFileType = sourcecode.swift; path = RolesCell.swift; sourceTree = "<group>"; };
		E3BBB2AB2701EB0400E67B01 /* RolesCell.xib */ = {isa = PBXFileReference; lastKnownFileType = file.xib; path = RolesCell.xib; sourceTree = "<group>"; };
		E3BBB2AE27029D1E00E67B01 /* ViewModel.swift */ = {isa = PBXFileReference; lastKnownFileType = sourcecode.swift; path = ViewModel.swift; sourceTree = "<group>"; };
		E3BBB2B02702A05600E67B01 /* HeroCell.swift */ = {isa = PBXFileReference; lastKnownFileType = sourcecode.swift; path = HeroCell.swift; sourceTree = "<group>"; };
		E3BBB2B12702A05600E67B01 /* HeroCell.xib */ = {isa = PBXFileReference; lastKnownFileType = file.xib; path = HeroCell.xib; sourceTree = "<group>"; };
		E3BBB2B42702BB9200E67B01 /* HeroDetailInteractor.swift */ = {isa = PBXFileReference; lastKnownFileType = sourcecode.swift; path = HeroDetailInteractor.swift; sourceTree = "<group>"; };
		E3BBB2B62702BCBA00E67B01 /* HeroDetailPresenter.swift */ = {isa = PBXFileReference; lastKnownFileType = sourcecode.swift; path = HeroDetailPresenter.swift; sourceTree = "<group>"; };
		E3BBB2B92702BE2800E67B01 /* Helper.swift */ = {isa = PBXFileReference; lastKnownFileType = sourcecode.swift; path = Helper.swift; sourceTree = "<group>"; };
		E3BBB2BC2702C4FC00E67B01 /* HeroDetailViewController.swift */ = {isa = PBXFileReference; lastKnownFileType = sourcecode.swift; path = HeroDetailViewController.swift; sourceTree = "<group>"; };
		E3BBB2BD2702C4FC00E67B01 /* HeroDetailViewController.xib */ = {isa = PBXFileReference; lastKnownFileType = file.xib; path = HeroDetailViewController.xib; sourceTree = "<group>"; };
		E3BBB2C027030BFE00E67B01 /* SimilarHeroCell.swift */ = {isa = PBXFileReference; lastKnownFileType = sourcecode.swift; path = SimilarHeroCell.swift; sourceTree = "<group>"; };
		E3BBB2C127030BFE00E67B01 /* SimilarHeroCell.xib */ = {isa = PBXFileReference; lastKnownFileType = file.xib; path = SimilarHeroCell.xib; sourceTree = "<group>"; };
		E3DE13DE270154E700743ECF /* Hero Hub.app */ = {isa = PBXFileReference; explicitFileType = wrapper.application; includeInIndex = 0; path = "Hero Hub.app"; sourceTree = BUILT_PRODUCTS_DIR; };
		E3DE13E1270154E700743ECF /* AppDelegate.swift */ = {isa = PBXFileReference; lastKnownFileType = sourcecode.swift; path = AppDelegate.swift; sourceTree = "<group>"; };
		E3DE13E3270154E700743ECF /* SceneDelegate.swift */ = {isa = PBXFileReference; lastKnownFileType = sourcecode.swift; path = SceneDelegate.swift; sourceTree = "<group>"; };
		E3DE13EA270154EA00743ECF /* Assets.xcassets */ = {isa = PBXFileReference; lastKnownFileType = folder.assetcatalog; path = Assets.xcassets; sourceTree = "<group>"; };
		E3DE13ED270154EA00743ECF /* Base */ = {isa = PBXFileReference; lastKnownFileType = file.storyboard; name = Base; path = Base.lproj/LaunchScreen.storyboard; sourceTree = "<group>"; };
		E3DE13EF270154EA00743ECF /* Info.plist */ = {isa = PBXFileReference; lastKnownFileType = text.plist.xml; path = Info.plist; sourceTree = "<group>"; };
		E3DE13F4270154EA00743ECF /* Hero HubTests.xctest */ = {isa = PBXFileReference; explicitFileType = wrapper.cfbundle; includeInIndex = 0; path = "Hero HubTests.xctest"; sourceTree = BUILT_PRODUCTS_DIR; };
		E3DE13F8270154EA00743ECF /* Hero_HubTests.swift */ = {isa = PBXFileReference; lastKnownFileType = sourcecode.swift; path = Hero_HubTests.swift; sourceTree = "<group>"; };
		E3DE13FA270154EA00743ECF /* Info.plist */ = {isa = PBXFileReference; lastKnownFileType = text.plist.xml; path = Info.plist; sourceTree = "<group>"; };
		E3DE13FF270154EA00743ECF /* Hero HubUITests.xctest */ = {isa = PBXFileReference; explicitFileType = wrapper.cfbundle; includeInIndex = 0; path = "Hero HubUITests.xctest"; sourceTree = BUILT_PRODUCTS_DIR; };
		E3DE1403270154EA00743ECF /* Hero_HubUITests.swift */ = {isa = PBXFileReference; lastKnownFileType = sourcecode.swift; path = Hero_HubUITests.swift; sourceTree = "<group>"; };
		E3DE1405270154EA00743ECF /* Info.plist */ = {isa = PBXFileReference; lastKnownFileType = text.plist.xml; path = Info.plist; sourceTree = "<group>"; };
		FE37AE39155B2BE9BBB7F4A7 /* Pods_Hero_HubTests.framework */ = {isa = PBXFileReference; explicitFileType = wrapper.framework; includeInIndex = 0; path = Pods_Hero_HubTests.framework; sourceTree = BUILT_PRODUCTS_DIR; };
/* End PBXFileReference section */

/* Begin PBXFrameworksBuildPhase section */
		E3DE13DB270154E700743ECF /* Frameworks */ = {
			isa = PBXFrameworksBuildPhase;
			buildActionMask = 2147483647;
			files = (
				A35D81752F3D80C25511E43D /* Pods_Hero_Hub.framework in Frameworks */,
			);
			runOnlyForDeploymentPostprocessing = 0;
		};
		E3DE13F1270154EA00743ECF /* Frameworks */ = {
			isa = PBXFrameworksBuildPhase;
			buildActionMask = 2147483647;
			files = (
				AE2C2FC870D981317C48A0F4 /* Pods_Hero_HubTests.framework in Frameworks */,
			);
			runOnlyForDeploymentPostprocessing = 0;
		};
		E3DE13FC270154EA00743ECF /* Frameworks */ = {
			isa = PBXFrameworksBuildPhase;
			buildActionMask = 2147483647;
			files = (
				101736E6DCB3C2E2E354F98C /* Pods_Hero_Hub_Hero_HubUITests.framework in Frameworks */,
			);
			runOnlyForDeploymentPostprocessing = 0;
		};
/* End PBXFrameworksBuildPhase section */

/* Begin PBXGroup section */
		51191F5846461A7CB36A41F7 /* Frameworks */ = {
			isa = PBXGroup;
			children = (
				E1BA364A83DCCAAE588EC349 /* Pods_Hero_Hub.framework */,
				0D7AAEB60232EBFA7F365D62 /* Pods_Hero_Hub_Hero_HubUITests.framework */,
				FE37AE39155B2BE9BBB7F4A7 /* Pods_Hero_HubTests.framework */,
			);
			name = Frameworks;
			sourceTree = "<group>";
		};
		60156907919076D729B30310 /* Pods */ = {
			isa = PBXGroup;
			children = (
				569B3088D3CE4B6D1C6404A6 /* Pods-Hero Hub.debug.xcconfig */,
				4DA12E15BEE5C46A61D0BE07 /* Pods-Hero Hub.release.xcconfig */,
				9421FE5C327FC248BE65EA1A /* Pods-Hero Hub-Hero HubUITests.debug.xcconfig */,
				DB783FEE2E7CDD27F19D2BB3 /* Pods-Hero Hub-Hero HubUITests.release.xcconfig */,
				C32C84AEBFAC8CF0821352D5 /* Pods-Hero HubTests.debug.xcconfig */,
				B53B012170F19D07F83E6BF1 /* Pods-Hero HubTests.release.xcconfig */,
			);
			path = Pods;
			sourceTree = "<group>";
		};
		E3BBB29127015C4400E67B01 /* Entities */ = {
			isa = PBXGroup;
			children = (
				E3BBB29227015FD400E67B01 /* Hero.swift */,
				E3BBB2AE27029D1E00E67B01 /* ViewModel.swift */,
			);
			path = Entities;
			sourceTree = "<group>";
		};
		E3BBB2942701702600E67B01 /* Services */ = {
			isa = PBXGroup;
			children = (
				E3BBB2952701708D00E67B01 /* BaseAPIService.swift */,
				E3BBB2972701B28F00E67B01 /* HeroListService.swift */,
			);
			path = Services;
			sourceTree = "<group>";
		};
		E3BBB2992701B37500E67B01 /* Interactor */ = {
			isa = PBXGroup;
			children = (
				E3BBB29A2701B39100E67B01 /* HeroListInteractor.swift */,
				E3BBB2B42702BB9200E67B01 /* HeroDetailInteractor.swift */,
			);
			path = Interactor;
			sourceTree = "<group>";
		};
		E3BBB29C2701B44D00E67B01 /* Presenter */ = {
			isa = PBXGroup;
			children = (
				E3BBB29F2701B47500E67B01 /* HeroListPresenter.swift */,
				E3BBB2B62702BCBA00E67B01 /* HeroDetailPresenter.swift */,
			);
			path = Presenter;
			sourceTree = "<group>";
		};
		E3BBB2A12701B62A00E67B01 /* View */ = {
			isa = PBXGroup;
			children = (
				E3BBB2A92701EA5D00E67B01 /* Cells */,
				E3BBB2A82701BE9100E67B01 /* HeroList */,
				E3BBB2BB2702C4D100E67B01 /* HeroDetail */,
			);
			path = View;
			sourceTree = "<group>";
		};
		E3BBB2A82701BE9100E67B01 /* HeroList */ = {
			isa = PBXGroup;
			children = (
				E3BBB2A42701B8CC00E67B01 /* HeroListViewController.swift */,
				E3BBB2A52701B8CC00E67B01 /* HeroListViewController.xib */,
			);
			path = HeroList;
			sourceTree = "<group>";
		};
		E3BBB2A92701EA5D00E67B01 /* Cells */ = {
			isa = PBXGroup;
			children = (
				E3BBB2AA2701EB0400E67B01 /* RolesCell.swift */,
				E3BBB2AB2701EB0400E67B01 /* RolesCell.xib */,
				E3BBB2B02702A05600E67B01 /* HeroCell.swift */,
				E3BBB2B12702A05600E67B01 /* HeroCell.xib */,
				E3BBB2C027030BFE00E67B01 /* SimilarHeroCell.swift */,
				E3BBB2C127030BFE00E67B01 /* SimilarHeroCell.xib */,
			);
			path = Cells;
			sourceTree = "<group>";
		};
		E3BBB2B82702BE1300E67B01 /* Extensions */ = {
			isa = PBXGroup;
			children = (
				E3BBB2B92702BE2800E67B01 /* Helper.swift */,
			);
			path = Extensions;
			sourceTree = "<group>";
		};
		E3BBB2BB2702C4D100E67B01 /* HeroDetail */ = {
			isa = PBXGroup;
			children = (
				E3BBB2BC2702C4FC00E67B01 /* HeroDetailViewController.swift */,
				E3BBB2BD2702C4FC00E67B01 /* HeroDetailViewController.xib */,
			);
			path = HeroDetail;
			sourceTree = "<group>";
		};
		E3DE13D5270154E700743ECF = {
			isa = PBXGroup;
			children = (
				E3DE13E0270154E700743ECF /* Hero Hub */,
				E3DE13F7270154EA00743ECF /* Hero HubTests */,
				E3DE1402270154EA00743ECF /* Hero HubUITests */,
				E3DE13DF270154E700743ECF /* Products */,
				60156907919076D729B30310 /* Pods */,
				51191F5846461A7CB36A41F7 /* Frameworks */,
			);
			sourceTree = "<group>";
		};
		E3DE13DF270154E700743ECF /* Products */ = {
			isa = PBXGroup;
			children = (
				E3DE13DE270154E700743ECF /* Hero Hub.app */,
				E3DE13F4270154EA00743ECF /* Hero HubTests.xctest */,
				E3DE13FF270154EA00743ECF /* Hero HubUITests.xctest */,
			);
			name = Products;
			sourceTree = "<group>";
		};
		E3DE13E0270154E700743ECF /* Hero Hub */ = {
			isa = PBXGroup;
			children = (
				E3BBB2A12701B62A00E67B01 /* View */,
				E3BBB29C2701B44D00E67B01 /* Presenter */,
				E3BBB2992701B37500E67B01 /* Interactor */,
				E3BBB2942701702600E67B01 /* Services */,
				E3BBB29127015C4400E67B01 /* Entities */,
				E3BBB2B82702BE1300E67B01 /* Extensions */,
				E3DE13E1270154E700743ECF /* AppDelegate.swift */,
				E3DE13E3270154E700743ECF /* SceneDelegate.swift */,
				E3DE13EA270154EA00743ECF /* Assets.xcassets */,
				E3DE13EC270154EA00743ECF /* LaunchScreen.storyboard */,
				E3DE13EF270154EA00743ECF /* Info.plist */,
			);
			path = "Hero Hub";
			sourceTree = "<group>";
		};
		E3DE13F7270154EA00743ECF /* Hero HubTests */ = {
			isa = PBXGroup;
			children = (
				E3DE13F8270154EA00743ECF /* Hero_HubTests.swift */,
				E3DE13FA270154EA00743ECF /* Info.plist */,
			);
			path = "Hero HubTests";
			sourceTree = "<group>";
		};
		E3DE1402270154EA00743ECF /* Hero HubUITests */ = {
			isa = PBXGroup;
			children = (
				E3DE1403270154EA00743ECF /* Hero_HubUITests.swift */,
				E3DE1405270154EA00743ECF /* Info.plist */,
			);
			path = "Hero HubUITests";
			sourceTree = "<group>";
		};
/* End PBXGroup section */

/* Begin PBXNativeTarget section */
		E3DE13DD270154E700743ECF /* Hero Hub */ = {
			isa = PBXNativeTarget;
			buildConfigurationList = E3DE1408270154EA00743ECF /* Build configuration list for PBXNativeTarget "Hero Hub" */;
			buildPhases = (
				8A9410699D8942270C85A41E /* [CP] Check Pods Manifest.lock */,
				E3DE13DA270154E700743ECF /* Sources */,
				E3DE13DB270154E700743ECF /* Frameworks */,
				E3DE13DC270154E700743ECF /* Resources */,
				18C94B68F8BC9FF4A92A6A70 /* [CP] Embed Pods Frameworks */,
			);
			buildRules = (
			);
			dependencies = (
			);
			name = "Hero Hub";
			productName = "Hero Hub";
			productReference = E3DE13DE270154E700743ECF /* Hero Hub.app */;
			productType = "com.apple.product-type.application";
		};
		E3DE13F3270154EA00743ECF /* Hero HubTests */ = {
			isa = PBXNativeTarget;
			buildConfigurationList = E3DE140B270154EA00743ECF /* Build configuration list for PBXNativeTarget "Hero HubTests" */;
			buildPhases = (
				CBE157B1C80709F8E88F583D /* [CP] Check Pods Manifest.lock */,
				E3DE13F0270154EA00743ECF /* Sources */,
				E3DE13F1270154EA00743ECF /* Frameworks */,
				E3DE13F2270154EA00743ECF /* Resources */,
			);
			buildRules = (
			);
			dependencies = (
				E3DE13F6270154EA00743ECF /* PBXTargetDependency */,
			);
			name = "Hero HubTests";
			productName = "Hero HubTests";
			productReference = E3DE13F4270154EA00743ECF /* Hero HubTests.xctest */;
			productType = "com.apple.product-type.bundle.unit-test";
		};
		E3DE13FE270154EA00743ECF /* Hero HubUITests */ = {
			isa = PBXNativeTarget;
			buildConfigurationList = E3DE140E270154EA00743ECF /* Build configuration list for PBXNativeTarget "Hero HubUITests" */;
			buildPhases = (
				E1CEA601A7306DD5F3D0CA62 /* [CP] Check Pods Manifest.lock */,
				E3DE13FB270154EA00743ECF /* Sources */,
				E3DE13FC270154EA00743ECF /* Frameworks */,
				E3DE13FD270154EA00743ECF /* Resources */,
				6D411B14CCD3868DDDC3713F /* [CP] Embed Pods Frameworks */,
			);
			buildRules = (
			);
			dependencies = (
				E3DE1401270154EA00743ECF /* PBXTargetDependency */,
			);
			name = "Hero HubUITests";
			productName = "Hero HubUITests";
			productReference = E3DE13FF270154EA00743ECF /* Hero HubUITests.xctest */;
			productType = "com.apple.product-type.bundle.ui-testing";
		};
/* End PBXNativeTarget section */

/* Begin PBXProject section */
		E3DE13D6270154E700743ECF /* Project object */ = {
			isa = PBXProject;
			attributes = {
				LastSwiftUpdateCheck = 1250;
				LastUpgradeCheck = 1250;
				ORGANIZATIONNAME = "";
				TargetAttributes = {
					E3DE13DD270154E700743ECF = {
						CreatedOnToolsVersion = 12.5.1;
					};
					E3DE13F3270154EA00743ECF = {
						CreatedOnToolsVersion = 12.5.1;
						TestTargetID = E3DE13DD270154E700743ECF;
					};
					E3DE13FE270154EA00743ECF = {
						CreatedOnToolsVersion = 12.5.1;
						TestTargetID = E3DE13DD270154E700743ECF;
					};
				};
			};
			buildConfigurationList = E3DE13D9270154E700743ECF /* Build configuration list for PBXProject "Hero Hub" */;
			compatibilityVersion = "Xcode 9.3";
			developmentRegion = en;
			hasScannedForEncodings = 0;
			knownRegions = (
				en,
				Base,
			);
			mainGroup = E3DE13D5270154E700743ECF;
			productRefGroup = E3DE13DF270154E700743ECF /* Products */;
			projectDirPath = "";
			projectRoot = "";
			targets = (
				E3DE13DD270154E700743ECF /* Hero Hub */,
				E3DE13F3270154EA00743ECF /* Hero HubTests */,
				E3DE13FE270154EA00743ECF /* Hero HubUITests */,
			);
		};
/* End PBXProject section */

/* Begin PBXResourcesBuildPhase section */
		E3DE13DC270154E700743ECF /* Resources */ = {
			isa = PBXResourcesBuildPhase;
			buildActionMask = 2147483647;
			files = (
				E3BBB2A72701B8CC00E67B01 /* HeroListViewController.xib in Resources */,
				E3DE13EE270154EA00743ECF /* LaunchScreen.storyboard in Resources */,
				E3BBB2C327030BFE00E67B01 /* SimilarHeroCell.xib in Resources */,
				E3DE13EB270154EA00743ECF /* Assets.xcassets in Resources */,
				E3BBB2BF2702C4FC00E67B01 /* HeroDetailViewController.xib in Resources */,
				E3BBB2AD2701EB0400E67B01 /* RolesCell.xib in Resources */,
				E3BBB2B32702A05600E67B01 /* HeroCell.xib in Resources */,
			);
			runOnlyForDeploymentPostprocessing = 0;
		};
		E3DE13F2270154EA00743ECF /* Resources */ = {
			isa = PBXResourcesBuildPhase;
			buildActionMask = 2147483647;
			files = (
			);
			runOnlyForDeploymentPostprocessing = 0;
		};
		E3DE13FD270154EA00743ECF /* Resources */ = {
			isa = PBXResourcesBuildPhase;
			buildActionMask = 2147483647;
			files = (
			);
			runOnlyForDeploymentPostprocessing = 0;
		};
/* End PBXResourcesBuildPhase section */

/* Begin PBXShellScriptBuildPhase section */
		18C94B68F8BC9FF4A92A6A70 /* [CP] Embed Pods Frameworks */ = {
			isa = PBXShellScriptBuildPhase;
			buildActionMask = 2147483647;
			files = (
			);
			inputFileListPaths = (
				"${PODS_ROOT}/Target Support Files/Pods-Hero Hub/Pods-Hero Hub-frameworks-${CONFIGURATION}-input-files.xcfilelist",
			);
			name = "[CP] Embed Pods Frameworks";
			outputFileListPaths = (
				"${PODS_ROOT}/Target Support Files/Pods-Hero Hub/Pods-Hero Hub-frameworks-${CONFIGURATION}-output-files.xcfilelist",
			);
			runOnlyForDeploymentPostprocessing = 0;
			shellPath = /bin/sh;
			shellScript = "\"${PODS_ROOT}/Target Support Files/Pods-Hero Hub/Pods-Hero Hub-frameworks.sh\"\n";
			showEnvVarsInLog = 0;
		};
		6D411B14CCD3868DDDC3713F /* [CP] Embed Pods Frameworks */ = {
			isa = PBXShellScriptBuildPhase;
			buildActionMask = 2147483647;
			files = (
			);
			inputFileListPaths = (
				"${PODS_ROOT}/Target Support Files/Pods-Hero Hub-Hero HubUITests/Pods-Hero Hub-Hero HubUITests-frameworks-${CONFIGURATION}-input-files.xcfilelist",
			);
			name = "[CP] Embed Pods Frameworks";
			outputFileListPaths = (
				"${PODS_ROOT}/Target Support Files/Pods-Hero Hub-Hero HubUITests/Pods-Hero Hub-Hero HubUITests-frameworks-${CONFIGURATION}-output-files.xcfilelist",
			);
			runOnlyForDeploymentPostprocessing = 0;
			shellPath = /bin/sh;
			shellScript = "\"${PODS_ROOT}/Target Support Files/Pods-Hero Hub-Hero HubUITests/Pods-Hero Hub-Hero HubUITests-frameworks.sh\"\n";
			showEnvVarsInLog = 0;
		};
		8A9410699D8942270C85A41E /* [CP] Check Pods Manifest.lock */ = {
			isa = PBXShellScriptBuildPhase;
			buildActionMask = 2147483647;
			files = (
			);
			inputFileListPaths = (
			);
			inputPaths = (
				"${PODS_PODFILE_DIR_PATH}/Podfile.lock",
				"${PODS_ROOT}/Manifest.lock",
			);
			name = "[CP] Check Pods Manifest.lock";
			outputFileListPaths = (
			);
			outputPaths = (
				"$(DERIVED_FILE_DIR)/Pods-Hero Hub-checkManifestLockResult.txt",
			);
			runOnlyForDeploymentPostprocessing = 0;
			shellPath = /bin/sh;
			shellScript = "diff \"${PODS_PODFILE_DIR_PATH}/Podfile.lock\" \"${PODS_ROOT}/Manifest.lock\" > /dev/null\nif [ $? != 0 ] ; then\n    # print error to STDERR\n    echo \"error: The sandbox is not in sync with the Podfile.lock. Run 'pod install' or update your CocoaPods installation.\" >&2\n    exit 1\nfi\n# This output is used by Xcode 'outputs' to avoid re-running this script phase.\necho \"SUCCESS\" > \"${SCRIPT_OUTPUT_FILE_0}\"\n";
			showEnvVarsInLog = 0;
		};
		CBE157B1C80709F8E88F583D /* [CP] Check Pods Manifest.lock */ = {
			isa = PBXShellScriptBuildPhase;
			buildActionMask = 2147483647;
			files = (
			);
			inputFileListPaths = (
			);
			inputPaths = (
				"${PODS_PODFILE_DIR_PATH}/Podfile.lock",
				"${PODS_ROOT}/Manifest.lock",
			);
			name = "[CP] Check Pods Manifest.lock";
			outputFileListPaths = (
			);
			outputPaths = (
				"$(DERIVED_FILE_DIR)/Pods-Hero HubTests-checkManifestLockResult.txt",
			);
			runOnlyForDeploymentPostprocessing = 0;
			shellPath = /bin/sh;
			shellScript = "diff \"${PODS_PODFILE_DIR_PATH}/Podfile.lock\" \"${PODS_ROOT}/Manifest.lock\" > /dev/null\nif [ $? != 0 ] ; then\n    # print error to STDERR\n    echo \"error: The sandbox is not in sync with the Podfile.lock. Run 'pod install' or update your CocoaPods installation.\" >&2\n    exit 1\nfi\n# This output is used by Xcode 'outputs' to avoid re-running this script phase.\necho \"SUCCESS\" > \"${SCRIPT_OUTPUT_FILE_0}\"\n";
			showEnvVarsInLog = 0;
		};
		E1CEA601A7306DD5F3D0CA62 /* [CP] Check Pods Manifest.lock */ = {
			isa = PBXShellScriptBuildPhase;
			buildActionMask = 2147483647;
			files = (
			);
			inputFileListPaths = (
			);
			inputPaths = (
				"${PODS_PODFILE_DIR_PATH}/Podfile.lock",
				"${PODS_ROOT}/Manifest.lock",
			);
			name = "[CP] Check Pods Manifest.lock";
			outputFileListPaths = (
			);
			outputPaths = (
				"$(DERIVED_FILE_DIR)/Pods-Hero Hub-Hero HubUITests-checkManifestLockResult.txt",
			);
			runOnlyForDeploymentPostprocessing = 0;
			shellPath = /bin/sh;
			shellScript = "diff \"${PODS_PODFILE_DIR_PATH}/Podfile.lock\" \"${PODS_ROOT}/Manifest.lock\" > /dev/null\nif [ $? != 0 ] ; then\n    # print error to STDERR\n    echo \"error: The sandbox is not in sync with the Podfile.lock. Run 'pod install' or update your CocoaPods installation.\" >&2\n    exit 1\nfi\n# This output is used by Xcode 'outputs' to avoid re-running this script phase.\necho \"SUCCESS\" > \"${SCRIPT_OUTPUT_FILE_0}\"\n";
			showEnvVarsInLog = 0;
		};
/* End PBXShellScriptBuildPhase section */

/* Begin PBXSourcesBuildPhase section */
		E3DE13DA270154E700743ECF /* Sources */ = {
			isa = PBXSourcesBuildPhase;
			buildActionMask = 2147483647;
			files = (
				E3BBB2AF27029D1E00E67B01 /* ViewModel.swift in Sources */,
				E3BBB2A62701B8CC00E67B01 /* HeroListViewController.swift in Sources */,
				E3DE13E2270154E700743ECF /* AppDelegate.swift in Sources */,
				E3BBB2962701708D00E67B01 /* BaseAPIService.swift in Sources */,
				E3BBB2BA2702BE2800E67B01 /* Helper.swift in Sources */,
				E3DE13E4270154E700743ECF /* SceneDelegate.swift in Sources */,
				E3BBB2BE2702C4FC00E67B01 /* HeroDetailViewController.swift in Sources */,
				E3BBB2B72702BCBA00E67B01 /* HeroDetailPresenter.swift in Sources */,
				E3BBB2B52702BB9200E67B01 /* HeroDetailInteractor.swift in Sources */,
				E3BBB2A02701B47500E67B01 /* HeroListPresenter.swift in Sources */,
				E3BBB29327015FD400E67B01 /* Hero.swift in Sources */,
				E3BBB2982701B28F00E67B01 /* HeroListService.swift in Sources */,
				E3BBB2B22702A05600E67B01 /* HeroCell.swift in Sources */,
				E3BBB2AC2701EB0400E67B01 /* RolesCell.swift in Sources */,
				E3BBB29B2701B39100E67B01 /* HeroListInteractor.swift in Sources */,
				E3BBB2C227030BFE00E67B01 /* SimilarHeroCell.swift in Sources */,
			);
			runOnlyForDeploymentPostprocessing = 0;
		};
		E3DE13F0270154EA00743ECF /* Sources */ = {
			isa = PBXSourcesBuildPhase;
			buildActionMask = 2147483647;
			files = (
				E3DE13F9270154EA00743ECF /* Hero_HubTests.swift in Sources */,
			);
			runOnlyForDeploymentPostprocessing = 0;
		};
		E3DE13FB270154EA00743ECF /* Sources */ = {
			isa = PBXSourcesBuildPhase;
			buildActionMask = 2147483647;
			files = (
				E3DE1404270154EA00743ECF /* Hero_HubUITests.swift in Sources */,
			);
			runOnlyForDeploymentPostprocessing = 0;
		};
/* End PBXSourcesBuildPhase section */

/* Begin PBXTargetDependency section */
		E3DE13F6270154EA00743ECF /* PBXTargetDependency */ = {
			isa = PBXTargetDependency;
			target = E3DE13DD270154E700743ECF /* Hero Hub */;
			targetProxy = E3DE13F5270154EA00743ECF /* PBXContainerItemProxy */;
		};
		E3DE1401270154EA00743ECF /* PBXTargetDependency */ = {
			isa = PBXTargetDependency;
			target = E3DE13DD270154E700743ECF /* Hero Hub */;
			targetProxy = E3DE1400270154EA00743ECF /* PBXContainerItemProxy */;
		};
/* End PBXTargetDependency section */

/* Begin PBXVariantGroup section */
		E3DE13EC270154EA00743ECF /* LaunchScreen.storyboard */ = {
			isa = PBXVariantGroup;
			children = (
				E3DE13ED270154EA00743ECF /* Base */,
			);
			name = LaunchScreen.storyboard;
			sourceTree = "<group>";
		};
/* End PBXVariantGroup section */

/* Begin XCBuildConfiguration section */
		E3DE1406270154EA00743ECF /* Debug */ = {
			isa = XCBuildConfiguration;
			buildSettings = {
				ALWAYS_SEARCH_USER_PATHS = NO;
				CLANG_ANALYZER_NONNULL = YES;
				CLANG_ANALYZER_NUMBER_OBJECT_CONVERSION = YES_AGGRESSIVE;
				CLANG_CXX_LANGUAGE_STANDARD = "gnu++14";
				CLANG_CXX_LIBRARY = "libc++";
				CLANG_ENABLE_MODULES = YES;
				CLANG_ENABLE_OBJC_ARC = YES;
				CLANG_ENABLE_OBJC_WEAK = YES;
				CLANG_WARN_BLOCK_CAPTURE_AUTORELEASING = YES;
				CLANG_WARN_BOOL_CONVERSION = YES;
				CLANG_WARN_COMMA = YES;
				CLANG_WARN_CONSTANT_CONVERSION = YES;
				CLANG_WARN_DEPRECATED_OBJC_IMPLEMENTATIONS = YES;
				CLANG_WARN_DIRECT_OBJC_ISA_USAGE = YES_ERROR;
				CLANG_WARN_DOCUMENTATION_COMMENTS = YES;
				CLANG_WARN_EMPTY_BODY = YES;
				CLANG_WARN_ENUM_CONVERSION = YES;
				CLANG_WARN_INFINITE_RECURSION = YES;
				CLANG_WARN_INT_CONVERSION = YES;
				CLANG_WARN_NON_LITERAL_NULL_CONVERSION = YES;
				CLANG_WARN_OBJC_IMPLICIT_RETAIN_SELF = YES;
				CLANG_WARN_OBJC_LITERAL_CONVERSION = YES;
				CLANG_WARN_OBJC_ROOT_CLASS = YES_ERROR;
				CLANG_WARN_QUOTED_INCLUDE_IN_FRAMEWORK_HEADER = YES;
				CLANG_WARN_RANGE_LOOP_ANALYSIS = YES;
				CLANG_WARN_STRICT_PROTOTYPES = YES;
				CLANG_WARN_SUSPICIOUS_MOVE = YES;
				CLANG_WARN_UNGUARDED_AVAILABILITY = YES_AGGRESSIVE;
				CLANG_WARN_UNREACHABLE_CODE = YES;
				CLANG_WARN__DUPLICATE_METHOD_MATCH = YES;
				COPY_PHASE_STRIP = NO;
				DEBUG_INFORMATION_FORMAT = dwarf;
				ENABLE_STRICT_OBJC_MSGSEND = YES;
				ENABLE_TESTABILITY = YES;
				GCC_C_LANGUAGE_STANDARD = gnu11;
				GCC_DYNAMIC_NO_PIC = NO;
				GCC_NO_COMMON_BLOCKS = YES;
				GCC_OPTIMIZATION_LEVEL = 0;
				GCC_PREPROCESSOR_DEFINITIONS = (
					"DEBUG=1",
					"$(inherited)",
				);
				GCC_WARN_64_TO_32_BIT_CONVERSION = YES;
				GCC_WARN_ABOUT_RETURN_TYPE = YES_ERROR;
				GCC_WARN_UNDECLARED_SELECTOR = YES;
				GCC_WARN_UNINITIALIZED_AUTOS = YES_AGGRESSIVE;
				GCC_WARN_UNUSED_FUNCTION = YES;
				GCC_WARN_UNUSED_VARIABLE = YES;
				IPHONEOS_DEPLOYMENT_TARGET = 14.5;
				MTL_ENABLE_DEBUG_INFO = INCLUDE_SOURCE;
				MTL_FAST_MATH = YES;
				ONLY_ACTIVE_ARCH = YES;
				SDKROOT = iphoneos;
				SWIFT_ACTIVE_COMPILATION_CONDITIONS = DEBUG;
				SWIFT_OPTIMIZATION_LEVEL = "-Onone";
			};
			name = Debug;
		};
		E3DE1407270154EA00743ECF /* Release */ = {
			isa = XCBuildConfiguration;
			buildSettings = {
				ALWAYS_SEARCH_USER_PATHS = NO;
				CLANG_ANALYZER_NONNULL = YES;
				CLANG_ANALYZER_NUMBER_OBJECT_CONVERSION = YES_AGGRESSIVE;
				CLANG_CXX_LANGUAGE_STANDARD = "gnu++14";
				CLANG_CXX_LIBRARY = "libc++";
				CLANG_ENABLE_MODULES = YES;
				CLANG_ENABLE_OBJC_ARC = YES;
				CLANG_ENABLE_OBJC_WEAK = YES;
				CLANG_WARN_BLOCK_CAPTURE_AUTORELEASING = YES;
				CLANG_WARN_BOOL_CONVERSION = YES;
				CLANG_WARN_COMMA = YES;
				CLANG_WARN_CONSTANT_CONVERSION = YES;
				CLANG_WARN_DEPRECATED_OBJC_IMPLEMENTATIONS = YES;
				CLANG_WARN_DIRECT_OBJC_ISA_USAGE = YES_ERROR;
				CLANG_WARN_DOCUMENTATION_COMMENTS = YES;
				CLANG_WARN_EMPTY_BODY = YES;
				CLANG_WARN_ENUM_CONVERSION = YES;
				CLANG_WARN_INFINITE_RECURSION = YES;
				CLANG_WARN_INT_CONVERSION = YES;
				CLANG_WARN_NON_LITERAL_NULL_CONVERSION = YES;
				CLANG_WARN_OBJC_IMPLICIT_RETAIN_SELF = YES;
				CLANG_WARN_OBJC_LITERAL_CONVERSION = YES;
				CLANG_WARN_OBJC_ROOT_CLASS = YES_ERROR;
				CLANG_WARN_QUOTED_INCLUDE_IN_FRAMEWORK_HEADER = YES;
				CLANG_WARN_RANGE_LOOP_ANALYSIS = YES;
				CLANG_WARN_STRICT_PROTOTYPES = YES;
				CLANG_WARN_SUSPICIOUS_MOVE = YES;
				CLANG_WARN_UNGUARDED_AVAILABILITY = YES_AGGRESSIVE;
				CLANG_WARN_UNREACHABLE_CODE = YES;
				CLANG_WARN__DUPLICATE_METHOD_MATCH = YES;
				COPY_PHASE_STRIP = NO;
				DEBUG_INFORMATION_FORMAT = "dwarf-with-dsym";
				ENABLE_NS_ASSERTIONS = NO;
				ENABLE_STRICT_OBJC_MSGSEND = YES;
				GCC_C_LANGUAGE_STANDARD = gnu11;
				GCC_NO_COMMON_BLOCKS = YES;
				GCC_WARN_64_TO_32_BIT_CONVERSION = YES;
				GCC_WARN_ABOUT_RETURN_TYPE = YES_ERROR;
				GCC_WARN_UNDECLARED_SELECTOR = YES;
				GCC_WARN_UNINITIALIZED_AUTOS = YES_AGGRESSIVE;
				GCC_WARN_UNUSED_FUNCTION = YES;
				GCC_WARN_UNUSED_VARIABLE = YES;
				IPHONEOS_DEPLOYMENT_TARGET = 14.5;
				MTL_ENABLE_DEBUG_INFO = NO;
				MTL_FAST_MATH = YES;
				SDKROOT = iphoneos;
				SWIFT_COMPILATION_MODE = wholemodule;
				SWIFT_OPTIMIZATION_LEVEL = "-O";
				VALIDATE_PRODUCT = YES;
			};
			name = Release;
		};
		E3DE1409270154EA00743ECF /* Debug */ = {
			isa = XCBuildConfiguration;
			baseConfigurationReference = 569B3088D3CE4B6D1C6404A6 /* Pods-Hero Hub.debug.xcconfig */;
			buildSettings = {
				ASSETCATALOG_COMPILER_APPICON_NAME = AppIcon;
				ASSETCATALOG_COMPILER_GLOBAL_ACCENT_COLOR_NAME = AccentColor;
				CODE_SIGN_STYLE = Automatic;
				INFOPLIST_FILE = "Hero Hub/Info.plist";
				LD_RUNPATH_SEARCH_PATHS = (
					"$(inherited)",
					"@executable_path/Frameworks",
				);
				PRODUCT_BUNDLE_IDENTIFIER = "com.chris.Hero-Hub";
				PRODUCT_NAME = "$(TARGET_NAME)";
				SWIFT_VERSION = 5.0;
				TARGETED_DEVICE_FAMILY = 1;
			};
			name = Debug;
		};
		E3DE140A270154EA00743ECF /* Release */ = {
			isa = XCBuildConfiguration;
			baseConfigurationReference = 4DA12E15BEE5C46A61D0BE07 /* Pods-Hero Hub.release.xcconfig */;
			buildSettings = {
				ASSETCATALOG_COMPILER_APPICON_NAME = AppIcon;
				ASSETCATALOG_COMPILER_GLOBAL_ACCENT_COLOR_NAME = AccentColor;
				CODE_SIGN_STYLE = Automatic;
				INFOPLIST_FILE = "Hero Hub/Info.plist";
				LD_RUNPATH_SEARCH_PATHS = (
					"$(inherited)",
					"@executable_path/Frameworks",
				);
				PRODUCT_BUNDLE_IDENTIFIER = "com.chris.Hero-Hub";
				PRODUCT_NAME = "$(TARGET_NAME)";
				SWIFT_VERSION = 5.0;
				TARGETED_DEVICE_FAMILY = 1;
			};
			name = Release;
		};
		E3DE140C270154EA00743ECF /* Debug */ = {
			isa = XCBuildConfiguration;
			baseConfigurationReference = C32C84AEBFAC8CF0821352D5 /* Pods-Hero HubTests.debug.xcconfig */;
			buildSettings = {
				ALWAYS_EMBED_SWIFT_STANDARD_LIBRARIES = YES;
				BUNDLE_LOADER = "$(TEST_HOST)";
				CODE_SIGN_STYLE = Automatic;
				INFOPLIST_FILE = "Hero HubTests/Info.plist";
				IPHONEOS_DEPLOYMENT_TARGET = 14.5;
				LD_RUNPATH_SEARCH_PATHS = (
					"$(inherited)",
					"@executable_path/Frameworks",
					"@loader_path/Frameworks",
				);
				PRODUCT_BUNDLE_IDENTIFIER = "com.chris.Hero-HubTests";
				PRODUCT_NAME = "$(TARGET_NAME)";
				SWIFT_VERSION = 5.0;
				TARGETED_DEVICE_FAMILY = "1,2";
				TEST_HOST = "$(BUILT_PRODUCTS_DIR)/Hero Hub.app/Hero Hub";
			};
			name = Debug;
		};
		E3DE140D270154EA00743ECF /* Release */ = {
			isa = XCBuildConfiguration;
			baseConfigurationReference = B53B012170F19D07F83E6BF1 /* Pods-Hero HubTests.release.xcconfig */;
			buildSettings = {
				ALWAYS_EMBED_SWIFT_STANDARD_LIBRARIES = YES;
				BUNDLE_LOADER = "$(TEST_HOST)";
				CODE_SIGN_STYLE = Automatic;
				INFOPLIST_FILE = "Hero HubTests/Info.plist";
				IPHONEOS_DEPLOYMENT_TARGET = 14.5;
				LD_RUNPATH_SEARCH_PATHS = (
					"$(inherited)",
					"@executable_path/Frameworks",
					"@loader_path/Frameworks",
				);
				PRODUCT_BUNDLE_IDENTIFIER = "com.chris.Hero-HubTests";
				PRODUCT_NAME = "$(TARGET_NAME)";
				SWIFT_VERSION = 5.0;
				TARGETED_DEVICE_FAMILY = "1,2";
				TEST_HOST = "$(BUILT_PRODUCTS_DIR)/Hero Hub.app/Hero Hub";
			};
			name = Release;
		};
		E3DE140F270154EA00743ECF /* Debug */ = {
			isa = XCBuildConfiguration;
			baseConfigurationReference = 9421FE5C327FC248BE65EA1A /* Pods-Hero Hub-Hero HubUITests.debug.xcconfig */;
			buildSettings = {
				ALWAYS_EMBED_SWIFT_STANDARD_LIBRARIES = YES;
				CODE_SIGN_STYLE = Automatic;
				INFOPLIST_FILE = "Hero HubUITests/Info.plist";
				LD_RUNPATH_SEARCH_PATHS = (
					"$(inherited)",
					"@executable_path/Frameworks",
					"@loader_path/Frameworks",
				);
				PRODUCT_BUNDLE_IDENTIFIER = "com.chris.Hero-HubUITests";
				PRODUCT_NAME = "$(TARGET_NAME)";
				SWIFT_VERSION = 5.0;
				TARGETED_DEVICE_FAMILY = "1,2";
				TEST_TARGET_NAME = "Hero Hub";
			};
			name = Debug;
		};
		E3DE1410270154EA00743ECF /* Release */ = {
			isa = XCBuildConfiguration;
			baseConfigurationReference = DB783FEE2E7CDD27F19D2BB3 /* Pods-Hero Hub-Hero HubUITests.release.xcconfig */;
			buildSettings = {
				ALWAYS_EMBED_SWIFT_STANDARD_LIBRARIES = YES;
				CODE_SIGN_STYLE = Automatic;
				INFOPLIST_FILE = "Hero HubUITests/Info.plist";
				LD_RUNPATH_SEARCH_PATHS = (
					"$(inherited)",
					"@executable_path/Frameworks",
					"@loader_path/Frameworks",
				);
				PRODUCT_BUNDLE_IDENTIFIER = "com.chris.Hero-HubUITests";
				PRODUCT_NAME = "$(TARGET_NAME)";
				SWIFT_VERSION = 5.0;
				TARGETED_DEVICE_FAMILY = "1,2";
				TEST_TARGET_NAME = "Hero Hub";
			};
			name = Release;
		};
/* End XCBuildConfiguration section */

/* Begin XCConfigurationList section */
		E3DE13D9270154E700743ECF /* Build configuration list for PBXProject "Hero Hub" */ = {
			isa = XCConfigurationList;
			buildConfigurations = (
				E3DE1406270154EA00743ECF /* Debug */,
				E3DE1407270154EA00743ECF /* Release */,
			);
			defaultConfigurationIsVisible = 0;
			defaultConfigurationName = Release;
		};
		E3DE1408270154EA00743ECF /* Build configuration list for PBXNativeTarget "Hero Hub" */ = {
			isa = XCConfigurationList;
			buildConfigurations = (
				E3DE1409270154EA00743ECF /* Debug */,
				E3DE140A270154EA00743ECF /* Release */,
			);
			defaultConfigurationIsVisible = 0;
			defaultConfigurationName = Release;
		};
		E3DE140B270154EA00743ECF /* Build configuration list for PBXNativeTarget "Hero HubTests" */ = {
			isa = XCConfigurationList;
			buildConfigurations = (
				E3DE140C270154EA00743ECF /* Debug */,
				E3DE140D270154EA00743ECF /* Release */,
			);
			defaultConfigurationIsVisible = 0;
			defaultConfigurationName = Release;
		};
		E3DE140E270154EA00743ECF /* Build configuration list for PBXNativeTarget "Hero HubUITests" */ = {
			isa = XCConfigurationList;
			buildConfigurations = (
				E3DE140F270154EA00743ECF /* Debug */,
				E3DE1410270154EA00743ECF /* Release */,
			);
			defaultConfigurationIsVisible = 0;
			defaultConfigurationName = Release;
		};
/* End XCConfigurationList section */
	};
	rootObject = E3DE13D6270154E700743ECF /* Project object */;
}
